// !$*UTF8*$!
{
	archiveVersion = 1;
	classes = {
	};
	objectVersion = 46;
	objects = {

/* Begin PBXBuildFile section */
		596AC175E12D456D7EF384B0 /* libPods-PDMDarkMode.a in Frameworks */ = {isa = PBXBuildFile; fileRef = 8124EB90C776CB3432205151 /* libPods-PDMDarkMode.a */; };
		631547661AAD47A8000CC523 /* main.m in Sources */ = {isa = PBXBuildFile; fileRef = 631547651AAD47A8000CC523 /* main.m */; };
		631547691AAD47A8000CC523 /* AppDelegate.m in Sources */ = {isa = PBXBuildFile; fileRef = 631547681AAD47A8000CC523 /* AppDelegate.m */; };
		6315476C1AAD47A8000CC523 /* ViewController.m in Sources */ = {isa = PBXBuildFile; fileRef = 6315476B1AAD47A8000CC523 /* ViewController.m */; };
		6315476F1AAD47A9000CC523 /* Main.storyboard in Resources */ = {isa = PBXBuildFile; fileRef = 6315476D1AAD47A9000CC523 /* Main.storyboard */; };
		631547711AAD47A9000CC523 /* Images.xcassets in Resources */ = {isa = PBXBuildFile; fileRef = 631547701AAD47A9000CC523 /* Images.xcassets */; };
		631547741AAD47A9000CC523 /* LaunchScreen.xib in Resources */ = {isa = PBXBuildFile; fileRef = 631547721AAD47A9000CC523 /* LaunchScreen.xib */; };
		631547801AAD47A9000CC523 /* PDMDarkModeTests.m in Sources */ = {isa = PBXBuildFile; fileRef = 6315477F1AAD47A9000CC523 /* PDMDarkModeTests.m */; };
		631547901AAD4F78000CC523 /* PDMApplication.m in Sources */ = {isa = PBXBuildFile; fileRef = 6315478F1AAD4F78000CC523 /* PDMApplication.m */; };
		631547931AAD4FCD000CC523 /* PDMCore.m in Sources */ = {isa = PBXBuildFile; fileRef = 631547921AAD4FCD000CC523 /* PDMCore.m */; };
		631547961AAD50AE000CC523 /* PDMSkinManager.m in Sources */ = {isa = PBXBuildFile; fileRef = 631547951AAD50AE000CC523 /* PDMSkinManager.m */; };
		631547991AAD52D5000CC523 /* PDMSkinItem.m in Sources */ = {isa = PBXBuildFile; fileRef = 631547981AAD52D5000CC523 /* PDMSkinItem.m */; };
		6315479C1AAD758D000CC523 /* Demo.plist in Resources */ = {isa = PBXBuildFile; fileRef = 6315479B1AAD758D000CC523 /* Demo.plist */; };
		631547A01AAD7B60000CC523 /* PDMRender.m in Sources */ = {isa = PBXBuildFile; fileRef = 6315479F1AAD7B60000CC523 /* PDMRender.m */; };
		631547A31AAD89F2000CC523 /* PDMColorItem.m in Sources */ = {isa = PBXBuildFile; fileRef = 631547A21AAD89F2000CC523 /* PDMColorItem.m */; };
		631547A61AAEC974000CC523 /* UIView+PDMRender.m in Sources */ = {isa = PBXBuildFile; fileRef = 631547A51AAEC974000CC523 /* UIView+PDMRender.m */; };
		631547A91AAECCED000CC523 /* UILabel+PDMRender.m in Sources */ = {isa = PBXBuildFile; fileRef = 631547A81AAECCED000CC523 /* UILabel+PDMRender.m */; };
		63DF901F1AB00F230034C63D /* UITextView+PDMRender.m in Sources */ = {isa = PBXBuildFile; fileRef = 63DF901E1AB00F230034C63D /* UITextView+PDMRender.m */; };
		63DF90221AB014420034C63D /* UIButton+PDMRender.m in Sources */ = {isa = PBXBuildFile; fileRef = 63DF90211AB014420034C63D /* UIButton+PDMRender.m */; };
		63DF90251AB0144F0034C63D /* UITextField+PDMRender.m in Sources */ = {isa = PBXBuildFile; fileRef = 63DF90241AB0144F0034C63D /* UITextField+PDMRender.m */; };
		63DF90281AB01BD10034C63D /* TableViewController.m in Sources */ = {isa = PBXBuildFile; fileRef = 63DF90271AB01BD10034C63D /* TableViewController.m */; };
		63DF902B1AB026780034C63D /* UIActivityIndicatorView+PDMRender.m in Sources */ = {isa = PBXBuildFile; fileRef = 63DF902A1AB026780034C63D /* UIActivityIndicatorView+PDMRender.m */; };
		63DF902E1AB034170034C63D /* UIPageControl+PDMRender.m in Sources */ = {isa = PBXBuildFile; fileRef = 63DF902D1AB034170034C63D /* UIPageControl+PDMRender.m */; };
		63DF90311AB049770034C63D /* UIToolbar+PDMRender.m in Sources */ = {isa = PBXBuildFile; fileRef = 63DF90301AB049770034C63D /* UIToolbar+PDMRender.m */; };
		63DF90341AB04FEB0034C63D /* UINavigationBar+PDMRender.m in Sources */ = {isa = PBXBuildFile; fileRef = 63DF90331AB04FEB0034C63D /* UINavigationBar+PDMRender.m */; };
		63DF90371AB12AC30034C63D /* UIProgressView+PDMRender.m in Sources */ = {isa = PBXBuildFile; fileRef = 63DF90361AB12AC30034C63D /* UIProgressView+PDMRender.m */; };
		63DF903A1AB12C5A0034C63D /* UISwitch+PDMRender.m in Sources */ = {isa = PBXBuildFile; fileRef = 63DF90391AB12C5A0034C63D /* UISwitch+PDMRender.m */; };
		63DF903D1AB130F00034C63D /* PDMImageItem.m in Sources */ = {isa = PBXBuildFile; fileRef = 63DF903C1AB130F00034C63D /* PDMImageItem.m */; };
		63DF90401AB13AD30034C63D /* blackFace@2x.png in Resources */ = {isa = PBXBuildFile; fileRef = 63DF903E1AB13AD30034C63D /* blackFace@2x.png */; };
		63DF90411AB13AD30034C63D /* whiteFace@2x.png in Resources */ = {isa = PBXBuildFile; fileRef = 63DF903F1AB13AD30034C63D /* whiteFace@2x.png */; };
		63DF90441AB13C2A0034C63D /* UIImageView+PDMRender.m in Sources */ = {isa = PBXBuildFile; fileRef = 63DF90431AB13C2A0034C63D /* UIImageView+PDMRender.m */; };
/* End PBXBuildFile section */

/* Begin PBXContainerItemProxy section */
		6315477A1AAD47A9000CC523 /* PBXContainerItemProxy */ = {
			isa = PBXContainerItemProxy;
			containerPortal = 631547581AAD47A8000CC523 /* Project object */;
			proxyType = 1;
			remoteGlobalIDString = 6315475F1AAD47A8000CC523;
			remoteInfo = PDMDarkMode;
		};
/* End PBXContainerItemProxy section */

/* Begin PBXFileReference section */
		0CC4F29F3223D06477903756 /* Pods-PDMDarkMode.debug.xcconfig */ = {isa = PBXFileReference; includeInIndex = 1; lastKnownFileType = text.xcconfig; name = "Pods-PDMDarkMode.debug.xcconfig"; path = "Pods/Target Support Files/Pods-PDMDarkMode/Pods-PDMDarkMode.debug.xcconfig"; sourceTree = "<group>"; };
		631547601AAD47A8000CC523 /* PDMDarkMode.app */ = {isa = PBXFileReference; explicitFileType = wrapper.application; includeInIndex = 0; path = PDMDarkMode.app; sourceTree = BUILT_PRODUCTS_DIR; };
		631547641AAD47A8000CC523 /* Info.plist */ = {isa = PBXFileReference; lastKnownFileType = text.plist.xml; path = Info.plist; sourceTree = "<group>"; };
		631547651AAD47A8000CC523 /* main.m */ = {isa = PBXFileReference; lastKnownFileType = sourcecode.c.objc; path = main.m; sourceTree = "<group>"; };
		631547671AAD47A8000CC523 /* AppDelegate.h */ = {isa = PBXFileReference; lastKnownFileType = sourcecode.c.h; path = AppDelegate.h; sourceTree = "<group>"; };
		631547681AAD47A8000CC523 /* AppDelegate.m */ = {isa = PBXFileReference; lastKnownFileType = sourcecode.c.objc; path = AppDelegate.m; sourceTree = "<group>"; };
		6315476A1AAD47A8000CC523 /* ViewController.h */ = {isa = PBXFileReference; lastKnownFileType = sourcecode.c.h; path = ViewController.h; sourceTree = "<group>"; };
		6315476B1AAD47A8000CC523 /* ViewController.m */ = {isa = PBXFileReference; lastKnownFileType = sourcecode.c.objc; path = ViewController.m; sourceTree = "<group>"; };
		6315476E1AAD47A9000CC523 /* Base */ = {isa = PBXFileReference; lastKnownFileType = file.storyboard; name = Base; path = Base.lproj/Main.storyboard; sourceTree = "<group>"; };
		631547701AAD47A9000CC523 /* Images.xcassets */ = {isa = PBXFileReference; lastKnownFileType = folder.assetcatalog; path = Images.xcassets; sourceTree = "<group>"; };
		631547731AAD47A9000CC523 /* Base */ = {isa = PBXFileReference; lastKnownFileType = file.xib; name = Base; path = Base.lproj/LaunchScreen.xib; sourceTree = "<group>"; };
		631547791AAD47A9000CC523 /* PDMDarkModeTests.xctest */ = {isa = PBXFileReference; explicitFileType = wrapper.cfbundle; includeInIndex = 0; path = PDMDarkModeTests.xctest; sourceTree = BUILT_PRODUCTS_DIR; };
		6315477E1AAD47A9000CC523 /* Info.plist */ = {isa = PBXFileReference; lastKnownFileType = text.plist.xml; path = Info.plist; sourceTree = "<group>"; };
		6315477F1AAD47A9000CC523 /* PDMDarkModeTests.m */ = {isa = PBXFileReference; lastKnownFileType = sourcecode.c.objc; path = PDMDarkModeTests.m; sourceTree = "<group>"; };
		6315478E1AAD4F78000CC523 /* PDMApplication.h */ = {isa = PBXFileReference; fileEncoding = 4; lastKnownFileType = sourcecode.c.h; path = PDMApplication.h; sourceTree = "<group>"; };
		6315478F1AAD4F78000CC523 /* PDMApplication.m */ = {isa = PBXFileReference; fileEncoding = 4; lastKnownFileType = sourcecode.c.objc; path = PDMApplication.m; sourceTree = "<group>"; };
		631547911AAD4FCD000CC523 /* PDMCore.h */ = {isa = PBXFileReference; fileEncoding = 4; lastKnownFileType = sourcecode.c.h; path = PDMCore.h; sourceTree = "<group>"; };
		631547921AAD4FCD000CC523 /* PDMCore.m */ = {isa = PBXFileReference; fileEncoding = 4; lastKnownFileType = sourcecode.c.objc; path = PDMCore.m; sourceTree = "<group>"; };
		631547941AAD50AE000CC523 /* PDMSkinManager.h */ = {isa = PBXFileReference; fileEncoding = 4; lastKnownFileType = sourcecode.c.h; path = PDMSkinManager.h; sourceTree = "<group>"; };
		631547951AAD50AE000CC523 /* PDMSkinManager.m */ = {isa = PBXFileReference; fileEncoding = 4; lastKnownFileType = sourcecode.c.objc; path = PDMSkinManager.m; sourceTree = "<group>"; };
		631547971AAD52D5000CC523 /* PDMSkinItem.h */ = {isa = PBXFileReference; fileEncoding = 4; lastKnownFileType = sourcecode.c.h; path = PDMSkinItem.h; sourceTree = "<group>"; };
		631547981AAD52D5000CC523 /* PDMSkinItem.m */ = {isa = PBXFileReference; fileEncoding = 4; lastKnownFileType = sourcecode.c.objc; path = PDMSkinItem.m; sourceTree = "<group>"; };
		6315479B1AAD758D000CC523 /* Demo.plist */ = {isa = PBXFileReference; fileEncoding = 4; lastKnownFileType = text.plist.xml; path = Demo.plist; sourceTree = "<group>"; };
		6315479E1AAD7B60000CC523 /* PDMRender.h */ = {isa = PBXFileReference; fileEncoding = 4; lastKnownFileType = sourcecode.c.h; path = PDMRender.h; sourceTree = "<group>"; };
		6315479F1AAD7B60000CC523 /* PDMRender.m */ = {isa = PBXFileReference; fileEncoding = 4; lastKnownFileType = sourcecode.c.objc; path = PDMRender.m; sourceTree = "<group>"; };
		631547A11AAD89F2000CC523 /* PDMColorItem.h */ = {isa = PBXFileReference; fileEncoding = 4; lastKnownFileType = sourcecode.c.h; path = PDMColorItem.h; sourceTree = "<group>"; };
		631547A21AAD89F2000CC523 /* PDMColorItem.m */ = {isa = PBXFileReference; fileEncoding = 4; lastKnownFileType = sourcecode.c.objc; path = PDMColorItem.m; sourceTree = "<group>"; };
		631547A41AAEC974000CC523 /* UIView+PDMRender.h */ = {isa = PBXFileReference; fileEncoding = 4; lastKnownFileType = sourcecode.c.h; path = "UIView+PDMRender.h"; sourceTree = "<group>"; };
		631547A51AAEC974000CC523 /* UIView+PDMRender.m */ = {isa = PBXFileReference; fileEncoding = 4; lastKnownFileType = sourcecode.c.objc; path = "UIView+PDMRender.m"; sourceTree = "<group>"; };
		631547A71AAECCED000CC523 /* UILabel+PDMRender.h */ = {isa = PBXFileReference; fileEncoding = 4; lastKnownFileType = sourcecode.c.h; path = "UILabel+PDMRender.h"; sourceTree = "<group>"; };
		631547A81AAECCED000CC523 /* UILabel+PDMRender.m */ = {isa = PBXFileReference; fileEncoding = 4; lastKnownFileType = sourcecode.c.objc; path = "UILabel+PDMRender.m"; sourceTree = "<group>"; };
		63DF901D1AB00F230034C63D /* UITextView+PDMRender.h */ = {isa = PBXFileReference; fileEncoding = 4; lastKnownFileType = sourcecode.c.h; path = "UITextView+PDMRender.h"; sourceTree = "<group>"; };
		63DF901E1AB00F230034C63D /* UITextView+PDMRender.m */ = {isa = PBXFileReference; fileEncoding = 4; lastKnownFileType = sourcecode.c.objc; path = "UITextView+PDMRender.m"; sourceTree = "<group>"; };
		63DF90201AB014420034C63D /* UIButton+PDMRender.h */ = {isa = PBXFileReference; fileEncoding = 4; lastKnownFileType = sourcecode.c.h; path = "UIButton+PDMRender.h"; sourceTree = "<group>"; };
		63DF90211AB014420034C63D /* UIButton+PDMRender.m */ = {isa = PBXFileReference; fileEncoding = 4; lastKnownFileType = sourcecode.c.objc; path = "UIButton+PDMRender.m"; sourceTree = "<group>"; };
		63DF90231AB0144F0034C63D /* UITextField+PDMRender.h */ = {isa = PBXFileReference; fileEncoding = 4; lastKnownFileType = sourcecode.c.h; path = "UITextField+PDMRender.h"; sourceTree = "<group>"; };
		63DF90241AB0144F0034C63D /* UITextField+PDMRender.m */ = {isa = PBXFileReference; fileEncoding = 4; lastKnownFileType = sourcecode.c.objc; path = "UITextField+PDMRender.m"; sourceTree = "<group>"; };
		63DF90261AB01BD10034C63D /* TableViewController.h */ = {isa = PBXFileReference; fileEncoding = 4; lastKnownFileType = sourcecode.c.h; path = TableViewController.h; sourceTree = "<group>"; };
		63DF90271AB01BD10034C63D /* TableViewController.m */ = {isa = PBXFileReference; fileEncoding = 4; lastKnownFileType = sourcecode.c.objc; path = TableViewController.m; sourceTree = "<group>"; };
		63DF90291AB026780034C63D /* UIActivityIndicatorView+PDMRender.h */ = {isa = PBXFileReference; fileEncoding = 4; lastKnownFileType = sourcecode.c.h; path = "UIActivityIndicatorView+PDMRender.h"; sourceTree = "<group>"; };
		63DF902A1AB026780034C63D /* UIActivityIndicatorView+PDMRender.m */ = {isa = PBXFileReference; fileEncoding = 4; lastKnownFileType = sourcecode.c.objc; path = "UIActivityIndicatorView+PDMRender.m"; sourceTree = "<group>"; };
		63DF902C1AB034170034C63D /* UIPageControl+PDMRender.h */ = {isa = PBXFileReference; fileEncoding = 4; lastKnownFileType = sourcecode.c.h; path = "UIPageControl+PDMRender.h"; sourceTree = "<group>"; };
		63DF902D1AB034170034C63D /* UIPageControl+PDMRender.m */ = {isa = PBXFileReference; fileEncoding = 4; lastKnownFileType = sourcecode.c.objc; path = "UIPageControl+PDMRender.m"; sourceTree = "<group>"; };
		63DF902F1AB049770034C63D /* UIToolbar+PDMRender.h */ = {isa = PBXFileReference; fileEncoding = 4; lastKnownFileType = sourcecode.c.h; path = "UIToolbar+PDMRender.h"; sourceTree = "<group>"; };
		63DF90301AB049770034C63D /* UIToolbar+PDMRender.m */ = {isa = PBXFileReference; fileEncoding = 4; lastKnownFileType = sourcecode.c.objc; path = "UIToolbar+PDMRender.m"; sourceTree = "<group>"; };
		63DF90321AB04FEB0034C63D /* UINavigationBar+PDMRender.h */ = {isa = PBXFileReference; fileEncoding = 4; lastKnownFileType = sourcecode.c.h; path = "UINavigationBar+PDMRender.h"; sourceTree = "<group>"; };
		63DF90331AB04FEB0034C63D /* UINavigationBar+PDMRender.m */ = {isa = PBXFileReference; fileEncoding = 4; lastKnownFileType = sourcecode.c.objc; path = "UINavigationBar+PDMRender.m"; sourceTree = "<group>"; };
		63DF90351AB12AC30034C63D /* UIProgressView+PDMRender.h */ = {isa = PBXFileReference; fileEncoding = 4; lastKnownFileType = sourcecode.c.h; path = "UIProgressView+PDMRender.h"; sourceTree = "<group>"; };
		63DF90361AB12AC30034C63D /* UIProgressView+PDMRender.m */ = {isa = PBXFileReference; fileEncoding = 4; lastKnownFileType = sourcecode.c.objc; path = "UIProgressView+PDMRender.m"; sourceTree = "<group>"; };
		63DF90381AB12C5A0034C63D /* UISwitch+PDMRender.h */ = {isa = PBXFileReference; fileEncoding = 4; lastKnownFileType = sourcecode.c.h; path = "UISwitch+PDMRender.h"; sourceTree = "<group>"; };
		63DF90391AB12C5A0034C63D /* UISwitch+PDMRender.m */ = {isa = PBXFileReference; fileEncoding = 4; lastKnownFileType = sourcecode.c.objc; path = "UISwitch+PDMRender.m"; sourceTree = "<group>"; };
		63DF903B1AB130F00034C63D /* PDMImageItem.h */ = {isa = PBXFileReference; fileEncoding = 4; lastKnownFileType = sourcecode.c.h; path = PDMImageItem.h; sourceTree = "<group>"; };
		63DF903C1AB130F00034C63D /* PDMImageItem.m */ = {isa = PBXFileReference; fileEncoding = 4; lastKnownFileType = sourcecode.c.objc; path = PDMImageItem.m; sourceTree = "<group>"; };
		63DF903E1AB13AD30034C63D /* blackFace@2x.png */ = {isa = PBXFileReference; lastKnownFileType = image.png; path = "blackFace@2x.png"; sourceTree = "<group>"; };
		63DF903F1AB13AD30034C63D /* whiteFace@2x.png */ = {isa = PBXFileReference; lastKnownFileType = image.png; path = "whiteFace@2x.png"; sourceTree = "<group>"; };
		63DF90421AB13C2A0034C63D /* UIImageView+PDMRender.h */ = {isa = PBXFileReference; fileEncoding = 4; lastKnownFileType = sourcecode.c.h; path = "UIImageView+PDMRender.h"; sourceTree = "<group>"; };
		63DF90431AB13C2A0034C63D /* UIImageView+PDMRender.m */ = {isa = PBXFileReference; fileEncoding = 4; lastKnownFileType = sourcecode.c.objc; path = "UIImageView+PDMRender.m"; sourceTree = "<group>"; };
		7A699DCEF757F67895587BE9 /* Pods-PDMDarkMode.release.xcconfig */ = {isa = PBXFileReference; includeInIndex = 1; lastKnownFileType = text.xcconfig; name = "Pods-PDMDarkMode.release.xcconfig"; path = "Pods/Target Support Files/Pods-PDMDarkMode/Pods-PDMDarkMode.release.xcconfig"; sourceTree = "<group>"; };
		8124EB90C776CB3432205151 /* libPods-PDMDarkMode.a */ = {isa = PBXFileReference; explicitFileType = archive.ar; includeInIndex = 0; path = "libPods-PDMDarkMode.a"; sourceTree = BUILT_PRODUCTS_DIR; };
/* End PBXFileReference section */

/* Begin PBXFrameworksBuildPhase section */
		6315475D1AAD47A8000CC523 /* Frameworks */ = {
			isa = PBXFrameworksBuildPhase;
			buildActionMask = 2147483647;
			files = (
				596AC175E12D456D7EF384B0 /* libPods-PDMDarkMode.a in Frameworks */,
			);
			runOnlyForDeploymentPostprocessing = 0;
		};
		631547761AAD47A9000CC523 /* Frameworks */ = {
			isa = PBXFrameworksBuildPhase;
			buildActionMask = 2147483647;
			files = (
			);
			runOnlyForDeploymentPostprocessing = 0;
		};
/* End PBXFrameworksBuildPhase section */

/* Begin PBXGroup section */
		24BE536E10373E439F1AC51F /* Pods */ = {
			isa = PBXGroup;
			children = (
				0CC4F29F3223D06477903756 /* Pods-PDMDarkMode.debug.xcconfig */,
				7A699DCEF757F67895587BE9 /* Pods-PDMDarkMode.release.xcconfig */,
			);
			name = Pods;
			sourceTree = "<group>";
		};
		631547571AAD47A8000CC523 = {
			isa = PBXGroup;
			children = (
				631547621AAD47A8000CC523 /* PDMDarkMode */,
				6315477C1AAD47A9000CC523 /* PDMDarkModeTests */,
				631547611AAD47A8000CC523 /* Products */,
				24BE536E10373E439F1AC51F /* Pods */,
				A4F1D4FDE5271E782D9E89F1 /* Frameworks */,
			);
			sourceTree = "<group>";
		};
		631547611AAD47A8000CC523 /* Products */ = {
			isa = PBXGroup;
			children = (
				631547601AAD47A8000CC523 /* PDMDarkMode.app */,
				631547791AAD47A9000CC523 /* PDMDarkModeTests.xctest */,
			);
			name = Products;
			sourceTree = "<group>";
		};
		631547621AAD47A8000CC523 /* PDMDarkMode */ = {
			isa = PBXGroup;
			children = (
				6315479A1AAD757F000CC523 /* Resources */,
				631547891AAD4F5C000CC523 /* Classes */,
				631547671AAD47A8000CC523 /* AppDelegate.h */,
				631547681AAD47A8000CC523 /* AppDelegate.m */,
				6315476A1AAD47A8000CC523 /* ViewController.h */,
				6315476B1AAD47A8000CC523 /* ViewController.m */,
				63DF90261AB01BD10034C63D /* TableViewController.h */,
				63DF90271AB01BD10034C63D /* TableViewController.m */,
				6315476D1AAD47A9000CC523 /* Main.storyboard */,
				631547701AAD47A9000CC523 /* Images.xcassets */,
				631547721AAD47A9000CC523 /* LaunchScreen.xib */,
				631547631AAD47A8000CC523 /* Supporting Files */,
			);
			path = PDMDarkMode;
			sourceTree = "<group>";
		};
		631547631AAD47A8000CC523 /* Supporting Files */ = {
			isa = PBXGroup;
			children = (
				631547641AAD47A8000CC523 /* Info.plist */,
				631547651AAD47A8000CC523 /* main.m */,
			);
			name = "Supporting Files";
			sourceTree = "<group>";
		};
		6315477C1AAD47A9000CC523 /* PDMDarkModeTests */ = {
			isa = PBXGroup;
			children = (
				6315477F1AAD47A9000CC523 /* PDMDarkModeTests.m */,
				6315477D1AAD47A9000CC523 /* Supporting Files */,
			);
			path = PDMDarkModeTests;
			sourceTree = "<group>";
		};
		6315477D1AAD47A9000CC523 /* Supporting Files */ = {
			isa = PBXGroup;
			children = (
				6315477E1AAD47A9000CC523 /* Info.plist */,
			);
			name = "Supporting Files";
			sourceTree = "<group>";
		};
		631547891AAD4F5C000CC523 /* Classes */ = {
			isa = PBXGroup;
			children = (
				6315478A1AAD4F5C000CC523 /* Application Logic */,
				6315478E1AAD4F78000CC523 /* PDMApplication.h */,
				6315478F1AAD4F78000CC523 /* PDMApplication.m */,
			);
			path = Classes;
			sourceTree = "<group>";
		};
		6315478A1AAD4F5C000CC523 /* Application Logic */ = {
			isa = PBXGroup;
			children = (
				6315479D1AAD7B4A000CC523 /* Render */,
				6315478B1AAD4F5C000CC523 /* Core */,
				6315478C1AAD4F5C000CC523 /* Entity */,
				6315478D1AAD4F5C000CC523 /* Manager */,
			);
			path = "Application Logic";
			sourceTree = "<group>";
		};
		6315478B1AAD4F5C000CC523 /* Core */ = {
			isa = PBXGroup;
			children = (
				631547911AAD4FCD000CC523 /* PDMCore.h */,
				631547921AAD4FCD000CC523 /* PDMCore.m */,
			);
			path = Core;
			sourceTree = "<group>";
		};
		6315478C1AAD4F5C000CC523 /* Entity */ = {
			isa = PBXGroup;
			children = (
				631547971AAD52D5000CC523 /* PDMSkinItem.h */,
				631547981AAD52D5000CC523 /* PDMSkinItem.m */,
				631547A11AAD89F2000CC523 /* PDMColorItem.h */,
				631547A21AAD89F2000CC523 /* PDMColorItem.m */,
				63DF903B1AB130F00034C63D /* PDMImageItem.h */,
				63DF903C1AB130F00034C63D /* PDMImageItem.m */,
			);
			path = Entity;
			sourceTree = "<group>";
		};
		6315478D1AAD4F5C000CC523 /* Manager */ = {
			isa = PBXGroup;
			children = (
				631547941AAD50AE000CC523 /* PDMSkinManager.h */,
				631547951AAD50AE000CC523 /* PDMSkinManager.m */,
			);
			path = Manager;
			sourceTree = "<group>";
		};
		6315479A1AAD757F000CC523 /* Resources */ = {
			isa = PBXGroup;
			children = (
				63DF903E1AB13AD30034C63D /* blackFace@2x.png */,
				63DF903F1AB13AD30034C63D /* whiteFace@2x.png */,
				6315479B1AAD758D000CC523 /* Demo.plist */,
			);
			path = Resources;
			sourceTree = "<group>";
		};
		6315479D1AAD7B4A000CC523 /* Render */ = {
			isa = PBXGroup;
			children = (
				6315479E1AAD7B60000CC523 /* PDMRender.h */,
				6315479F1AAD7B60000CC523 /* PDMRender.m */,
				631547A41AAEC974000CC523 /* UIView+PDMRender.h */,
				631547A51AAEC974000CC523 /* UIView+PDMRender.m */,
				631547A71AAECCED000CC523 /* UILabel+PDMRender.h */,
				631547A81AAECCED000CC523 /* UILabel+PDMRender.m */,
				63DF901D1AB00F230034C63D /* UITextView+PDMRender.h */,
				63DF901E1AB00F230034C63D /* UITextView+PDMRender.m */,
				63DF90201AB014420034C63D /* UIButton+PDMRender.h */,
				63DF90211AB014420034C63D /* UIButton+PDMRender.m */,
				63DF90231AB0144F0034C63D /* UITextField+PDMRender.h */,
				63DF90241AB0144F0034C63D /* UITextField+PDMRender.m */,
				63DF90291AB026780034C63D /* UIActivityIndicatorView+PDMRender.h */,
				63DF902A1AB026780034C63D /* UIActivityIndicatorView+PDMRender.m */,
				63DF902C1AB034170034C63D /* UIPageControl+PDMRender.h */,
				63DF902D1AB034170034C63D /* UIPageControl+PDMRender.m */,
				63DF902F1AB049770034C63D /* UIToolbar+PDMRender.h */,
				63DF90301AB049770034C63D /* UIToolbar+PDMRender.m */,
				63DF90321AB04FEB0034C63D /* UINavigationBar+PDMRender.h */,
				63DF90331AB04FEB0034C63D /* UINavigationBar+PDMRender.m */,
				63DF90351AB12AC30034C63D /* UIProgressView+PDMRender.h */,
				63DF90361AB12AC30034C63D /* UIProgressView+PDMRender.m */,
				63DF90381AB12C5A0034C63D /* UISwitch+PDMRender.h */,
				63DF90391AB12C5A0034C63D /* UISwitch+PDMRender.m */,
				63DF90421AB13C2A0034C63D /* UIImageView+PDMRender.h */,
				63DF90431AB13C2A0034C63D /* UIImageView+PDMRender.m */,
			);
			path = Render;
			sourceTree = "<group>";
		};
		A4F1D4FDE5271E782D9E89F1 /* Frameworks */ = {
			isa = PBXGroup;
			children = (
				8124EB90C776CB3432205151 /* libPods-PDMDarkMode.a */,
			);
			name = Frameworks;
			sourceTree = "<group>";
		};
/* End PBXGroup section */

/* Begin PBXNativeTarget section */
		6315475F1AAD47A8000CC523 /* PDMDarkMode */ = {
			isa = PBXNativeTarget;
			buildConfigurationList = 631547831AAD47A9000CC523 /* Build configuration list for PBXNativeTarget "PDMDarkMode" */;
			buildPhases = (
				80351D8E6643CF6CF1F85F75 /* Check Pods Manifest.lock */,
				6315475C1AAD47A8000CC523 /* Sources */,
				6315475D1AAD47A8000CC523 /* Frameworks */,
				6315475E1AAD47A8000CC523 /* Resources */,
				4F1F04B89A5D4AFB07359431 /* Copy Pods Resources */,
			);
			buildRules = (
			);
			dependencies = (
			);
			name = PDMDarkMode;
			productName = PDMDarkMode;
			productReference = 631547601AAD47A8000CC523 /* PDMDarkMode.app */;
			productType = "com.apple.product-type.application";
		};
		631547781AAD47A9000CC523 /* PDMDarkModeTests */ = {
			isa = PBXNativeTarget;
			buildConfigurationList = 631547861AAD47A9000CC523 /* Build configuration list for PBXNativeTarget "PDMDarkModeTests" */;
			buildPhases = (
				631547751AAD47A9000CC523 /* Sources */,
				631547761AAD47A9000CC523 /* Frameworks */,
				631547771AAD47A9000CC523 /* Resources */,
			);
			buildRules = (
			);
			dependencies = (
				6315477B1AAD47A9000CC523 /* PBXTargetDependency */,
			);
			name = PDMDarkModeTests;
			productName = PDMDarkModeTests;
			productReference = 631547791AAD47A9000CC523 /* PDMDarkModeTests.xctest */;
			productType = "com.apple.product-type.bundle.unit-test";
		};
/* End PBXNativeTarget section */

/* Begin PBXProject section */
		631547581AAD47A8000CC523 /* Project object */ = {
			isa = PBXProject;
			attributes = {
				CLASSPREFIX = PDM;
				LastUpgradeCheck = 0610;
				ORGANIZATIONNAME = "多玩事业部 iOS开发组 YY Inc.";
				TargetAttributes = {
					6315475F1AAD47A8000CC523 = {
						CreatedOnToolsVersion = 6.1.1;
					};
					631547781AAD47A9000CC523 = {
						CreatedOnToolsVersion = 6.1.1;
						TestTargetID = 6315475F1AAD47A8000CC523;
					};
				};
			};
			buildConfigurationList = 6315475B1AAD47A8000CC523 /* Build configuration list for PBXProject "PDMDarkMode" */;
			compatibilityVersion = "Xcode 3.2";
			developmentRegion = English;
			hasScannedForEncodings = 0;
			knownRegions = (
				en,
				Base,
			);
			mainGroup = 631547571AAD47A8000CC523;
			productRefGroup = 631547611AAD47A8000CC523 /* Products */;
			projectDirPath = "";
			projectRoot = "";
			targets = (
				6315475F1AAD47A8000CC523 /* PDMDarkMode */,
				631547781AAD47A9000CC523 /* PDMDarkModeTests */,
			);
		};
/* End PBXProject section */

/* Begin PBXResourcesBuildPhase section */
		6315475E1AAD47A8000CC523 /* Resources */ = {
			isa = PBXResourcesBuildPhase;
			buildActionMask = 2147483647;
			files = (
				6315476F1AAD47A9000CC523 /* Main.storyboard in Resources */,
				63DF90411AB13AD30034C63D /* whiteFace@2x.png in Resources */,
				6315479C1AAD758D000CC523 /* Demo.plist in Resources */,
				631547741AAD47A9000CC523 /* LaunchScreen.xib in Resources */,
				63DF90401AB13AD30034C63D /* blackFace@2x.png in Resources */,
				631547711AAD47A9000CC523 /* Images.xcassets in Resources */,
			);
			runOnlyForDeploymentPostprocessing = 0;
		};
		631547771AAD47A9000CC523 /* Resources */ = {
			isa = PBXResourcesBuildPhase;
			buildActionMask = 2147483647;
			files = (
			);
			runOnlyForDeploymentPostprocessing = 0;
		};
/* End PBXResourcesBuildPhase section */

/* Begin PBXShellScriptBuildPhase section */
		4F1F04B89A5D4AFB07359431 /* Copy Pods Resources */ = {
			isa = PBXShellScriptBuildPhase;
			buildActionMask = 2147483647;
			files = (
			);
			inputPaths = (
			);
			name = "Copy Pods Resources";
			outputPaths = (
			);
			runOnlyForDeploymentPostprocessing = 0;
			shellPath = /bin/sh;
			shellScript = "\"${SRCROOT}/Pods/Target Support Files/Pods-PDMDarkMode/Pods-PDMDarkMode-resources.sh\"\n";
			showEnvVarsInLog = 0;
		};
		80351D8E6643CF6CF1F85F75 /* Check Pods Manifest.lock */ = {
			isa = PBXShellScriptBuildPhase;
			buildActionMask = 2147483647;
			files = (
			);
			inputPaths = (
			);
			name = "Check Pods Manifest.lock";
			outputPaths = (
			);
			runOnlyForDeploymentPostprocessing = 0;
			shellPath = /bin/sh;
			shellScript = "diff \"${PODS_ROOT}/../Podfile.lock\" \"${PODS_ROOT}/Manifest.lock\" > /dev/null\nif [[ $? != 0 ]] ; then\n    cat << EOM\nerror: The sandbox is not in sync with the Podfile.lock. Run 'pod install' or update your CocoaPods installation.\nEOM\n    exit 1\nfi\n";
			showEnvVarsInLog = 0;
		};
/* End PBXShellScriptBuildPhase section */

/* Begin PBXSourcesBuildPhase section */
		6315475C1AAD47A8000CC523 /* Sources */ = {
			isa = PBXSourcesBuildPhase;
			buildActionMask = 2147483647;
			files = (
				631547A91AAECCED000CC523 /* UILabel+PDMRender.m in Sources */,
				63DF90221AB014420034C63D /* UIButton+PDMRender.m in Sources */,
				63DF903A1AB12C5A0034C63D /* UISwitch+PDMRender.m in Sources */,
				631547901AAD4F78000CC523 /* PDMApplication.m in Sources */,
				63DF90251AB0144F0034C63D /* UITextField+PDMRender.m in Sources */,
				6315476C1AAD47A8000CC523 /* ViewController.m in Sources */,
				63DF903D1AB130F00034C63D /* PDMImageItem.m in Sources */,
				63DF90341AB04FEB0034C63D /* UINavigationBar+PDMRender.m in Sources */,
				63DF902B1AB026780034C63D /* UIActivityIndicatorView+PDMRender.m in Sources */,
				63DF901F1AB00F230034C63D /* UITextView+PDMRender.m in Sources */,
				631547A61AAEC974000CC523 /* UIView+PDMRender.m in Sources */,
				631547961AAD50AE000CC523 /* PDMSkinManager.m in Sources */,
				631547991AAD52D5000CC523 /* PDMSkinItem.m in Sources */,
				631547A31AAD89F2000CC523 /* PDMColorItem.m in Sources */,
				631547691AAD47A8000CC523 /* AppDelegate.m in Sources */,
				631547661AAD47A8000CC523 /* main.m in Sources */,
				63DF90311AB049770034C63D /* UIToolbar+PDMRender.m in Sources */,
				63DF90371AB12AC30034C63D /* UIProgressView+PDMRender.m in Sources */,
				631547931AAD4FCD000CC523 /* PDMCore.m in Sources */,
				63DF90281AB01BD10034C63D /* TableViewController.m in Sources */,
				63DF90441AB13C2A0034C63D /* UIImageView+PDMRender.m in Sources */,
				63DF902E1AB034170034C63D /* UIPageControl+PDMRender.m in Sources */,
				631547A01AAD7B60000CC523 /* PDMRender.m in Sources */,
			);
			runOnlyForDeploymentPostprocessing = 0;
		};
		631547751AAD47A9000CC523 /* Sources */ = {
			isa = PBXSourcesBuildPhase;
			buildActionMask = 2147483647;
			files = (
				631547801AAD47A9000CC523 /* PDMDarkModeTests.m in Sources */,
			);
			runOnlyForDeploymentPostprocessing = 0;
		};
/* End PBXSourcesBuildPhase section */

/* Begin PBXTargetDependency section */
		6315477B1AAD47A9000CC523 /* PBXTargetDependency */ = {
			isa = PBXTargetDependency;
			target = 6315475F1AAD47A8000CC523 /* PDMDarkMode */;
			targetProxy = 6315477A1AAD47A9000CC523 /* PBXContainerItemProxy */;
		};
/* End PBXTargetDependency section */

/* Begin PBXVariantGroup section */
		6315476D1AAD47A9000CC523 /* Main.storyboard */ = {
			isa = PBXVariantGroup;
			children = (
				6315476E1AAD47A9000CC523 /* Base */,
			);
			name = Main.storyboard;
			sourceTree = "<group>";
		};
		631547721AAD47A9000CC523 /* LaunchScreen.xib */ = {
			isa = PBXVariantGroup;
			children = (
				631547731AAD47A9000CC523 /* Base */,
			);
			name = LaunchScreen.xib;
			sourceTree = "<group>";
		};
/* End PBXVariantGroup section */

/* Begin XCBuildConfiguration section */
		631547811AAD47A9000CC523 /* Debug */ = {
			isa = XCBuildConfiguration;
			buildSettings = {
				ALWAYS_SEARCH_USER_PATHS = NO;
				CLANG_CXX_LANGUAGE_STANDARD = "gnu++0x";
				CLANG_CXX_LIBRARY = "libc++";
				CLANG_ENABLE_MODULES = YES;
				CLANG_ENABLE_OBJC_ARC = YES;
				CLANG_WARN_BOOL_CONVERSION = YES;
				CLANG_WARN_CONSTANT_CONVERSION = YES;
				CLANG_WARN_DIRECT_OBJC_ISA_USAGE = YES_ERROR;
				CLANG_WARN_EMPTY_BODY = YES;
				CLANG_WARN_ENUM_CONVERSION = YES;
				CLANG_WARN_INT_CONVERSION = YES;
				CLANG_WARN_OBJC_ROOT_CLASS = YES_ERROR;
				CLANG_WARN_UNREACHABLE_CODE = YES;
				CLANG_WARN__DUPLICATE_METHOD_MATCH = YES;
				"CODE_SIGN_IDENTITY[sdk=iphoneos*]" = "iPhone Developer";
				COPY_PHASE_STRIP = NO;
				ENABLE_STRICT_OBJC_MSGSEND = YES;
				GCC_C_LANGUAGE_STANDARD = gnu99;
				GCC_DYNAMIC_NO_PIC = NO;
				GCC_OPTIMIZATION_LEVEL = 0;
				GCC_PREPROCESSOR_DEFINITIONS = (
					"DEBUG=1",
					"$(inherited)",
				);
				GCC_SYMBOLS_PRIVATE_EXTERN = NO;
				GCC_WARN_64_TO_32_BIT_CONVERSION = YES;
				GCC_WARN_ABOUT_RETURN_TYPE = YES_ERROR;
				GCC_WARN_UNDECLARED_SELECTOR = YES;
				GCC_WARN_UNINITIALIZED_AUTOS = YES_AGGRESSIVE;
				GCC_WARN_UNUSED_FUNCTION = YES;
				GCC_WARN_UNUSED_VARIABLE = YES;
				IPHONEOS_DEPLOYMENT_TARGET = 8.1;
				MTL_ENABLE_DEBUG_INFO = YES;
				ONLY_ACTIVE_ARCH = YES;
				SDKROOT = iphoneos;
			};
			name = Debug;
		};
		631547821AAD47A9000CC523 /* Release */ = {
			isa = XCBuildConfiguration;
			buildSettings = {
				ALWAYS_SEARCH_USER_PATHS = NO;
				CLANG_CXX_LANGUAGE_STANDARD = "gnu++0x";
				CLANG_CXX_LIBRARY = "libc++";
				CLANG_ENABLE_MODULES = YES;
				CLANG_ENABLE_OBJC_ARC = YES;
				CLANG_WARN_BOOL_CONVERSION = YES;
				CLANG_WARN_CONSTANT_CONVERSION = YES;
				CLANG_WARN_DIRECT_OBJC_ISA_USAGE = YES_ERROR;
				CLANG_WARN_EMPTY_BODY = YES;
				CLANG_WARN_ENUM_CONVERSION = YES;
				CLANG_WARN_INT_CONVERSION = YES;
				CLANG_WARN_OBJC_ROOT_CLASS = YES_ERROR;
				CLANG_WARN_UNREACHABLE_CODE = YES;
				CLANG_WARN__DUPLICATE_METHOD_MATCH = YES;
				"CODE_SIGN_IDENTITY[sdk=iphoneos*]" = "iPhone Developer";
				COPY_PHASE_STRIP = YES;
				ENABLE_NS_ASSERTIONS = NO;
				ENABLE_STRICT_OBJC_MSGSEND = YES;
				GCC_C_LANGUAGE_STANDARD = gnu99;
				GCC_WARN_64_TO_32_BIT_CONVERSION = YES;
				GCC_WARN_ABOUT_RETURN_TYPE = YES_ERROR;
				GCC_WARN_UNDECLARED_SELECTOR = YES;
				GCC_WARN_UNINITIALIZED_AUTOS = YES_AGGRESSIVE;
				GCC_WARN_UNUSED_FUNCTION = YES;
				GCC_WARN_UNUSED_VARIABLE = YES;
				IPHONEOS_DEPLOYMENT_TARGET = 8.1;
				MTL_ENABLE_DEBUG_INFO = NO;
				SDKROOT = iphoneos;
				VALIDATE_PRODUCT = YES;
			};
			name = Release;
		};
		631547841AAD47A9000CC523 /* Debug */ = {
			isa = XCBuildConfiguration;
			baseConfigurationReference = 0CC4F29F3223D06477903756 /* Pods-PDMDarkMode.debug.xcconfig */;
			buildSettings = {
				ASSETCATALOG_COMPILER_APPICON_NAME = AppIcon;
				ASSETCATALOG_COMPILER_LAUNCHIMAGE_NAME = LaunchImage;
				CODE_SIGN_IDENTITY = "iPhone Developer: Ming Hui Cui (32B4XQZ8J8)";
				INFOPLIST_FILE = PDMDarkMode/Info.plist;
				IPHONEOS_DEPLOYMENT_TARGET = 6.0;
				LD_RUNPATH_SEARCH_PATHS = "$(inherited) @executable_path/Frameworks";
				PRODUCT_NAME = "$(TARGET_NAME)";
				PROVISIONING_PROFILE = "8cc82708-0cdf-49bc-a659-37f7951b3fb5";
			};
			name = Debug;
		};
		631547851AAD47A9000CC523 /* Release */ = {
			isa = XCBuildConfiguration;
			baseConfigurationReference = 7A699DCEF757F67895587BE9 /* Pods-PDMDarkMode.release.xcconfig */;
			buildSettings = {
				ASSETCATALOG_COMPILER_APPICON_NAME = AppIcon;
				ASSETCATALOG_COMPILER_LAUNCHIMAGE_NAME = LaunchImage;
				CODE_SIGN_IDENTITY = "iPhone Developer: Ming Hui Cui (32B4XQZ8J8)";
				INFOPLIST_FILE = PDMDarkMode/Info.plist;
				IPHONEOS_DEPLOYMENT_TARGET = 6.0;
				LD_RUNPATH_SEARCH_PATHS = "$(inherited) @executable_path/Frameworks";
				PRODUCT_NAME = "$(TARGET_NAME)";
				PROVISIONING_PROFILE = "8cc82708-0cdf-49bc-a659-37f7951b3fb5";
			};
			name = Release;
		};
		631547871AAD47A9000CC523 /* Debug */ = {
			isa = XCBuildConfiguration;
			buildSettings = {
				BUNDLE_LOADER = "$(TEST_HOST)";
				FRAMEWORK_SEARCH_PATHS = (
					"$(SDKROOT)/Developer/Library/Frameworks",
					"$(inherited)",
				);
				GCC_PREPROCESSOR_DEFINITIONS = (
					"DEBUG=1",
					"$(inherited)",
				);
				INFOPLIST_FILE = PDMDarkModeTests/Info.plist;
				LD_RUNPATH_SEARCH_PATHS = "$(inherited) @executable_path/Frameworks @loader_path/Frameworks";
				PRODUCT_NAME = "$(TARGET_NAME)";
				TEST_HOST = "$(BUILT_PRODUCTS_DIR)/PDMDarkMode.app/PDMDarkMode";
			};
			name = Debug;
		};
		631547881AAD47A9000CC523 /* Release */ = {
			isa = XCBuildConfiguration;
			buildSettings = {
				BUNDLE_LOADER = "$(TEST_HOST)";
				FRAMEWORK_SEARCH_PATHS = (
					"$(SDKROOT)/Developer/Library/Frameworks",
					"$(inherited)",
				);
				INFOPLIST_FILE = PDMDarkModeTests/Info.plist;
				LD_RUNPATH_SEARCH_PATHS = "$(inherited) @executable_path/Frameworks @loader_path/Frameworks";
				PRODUCT_NAME = "$(TARGET_NAME)";
				TEST_HOST = "$(BUILT_PRODUCTS_DIR)/PDMDarkMode.app/PDMDarkMode";
			};
			name = Release;
		};
/* End XCBuildConfiguration section */

/* Begin XCConfigurationList section */
		6315475B1AAD47A8000CC523 /* Build configuration list for PBXProject "PDMDarkMode" */ = {
			isa = XCConfigurationList;
			buildConfigurations = (
				631547811AAD47A9000CC523 /* Debug */,
				631547821AAD47A9000CC523 /* Release */,
			);
			defaultConfigurationIsVisible = 0;
			defaultConfigurationName = Release;
		};
		631547831AAD47A9000CC523 /* Build configuration list for PBXNativeTarget "PDMDarkMode" */ = {
			isa = XCConfigurationList;
			buildConfigurations = (
				631547841AAD47A9000CC523 /* Debug */,
				631547851AAD47A9000CC523 /* Release */,
			);
			defaultConfigurationIsVisible = 0;
			defaultConfigurationName = Release;
		};
		631547861AAD47A9000CC523 /* Build configuration list for PBXNativeTarget "PDMDarkModeTests" */ = {
			isa = XCConfigurationList;
			buildConfigurations = (
				631547871AAD47A9000CC523 /* Debug */,
				631547881AAD47A9000CC523 /* Release */,
			);
			defaultConfigurationIsVisible = 0;
			defaultConfigurationName = Release;
		};
/* End XCConfigurationList section */
	};
	rootObject = 631547581AAD47A8000CC523 /* Project object */;
}
